
Microsoft Visual Studio Solution File, Format Version 12.00
# Visual Studio for Mac
Project("{FAE04EC0-301F-11D3-BF4B-00C04F79EFBC}") = "Assembly-CSharp", "Assembly-CSharp.csproj", "{17076625-F697-C04A-7290-6381C43781EF}"
EndProject
Global
	GlobalSection(SolutionConfigurationPlatforms) = preSolution
		Debug|Any CPU = Debug|Any CPU
		Release|Any CPU = Release|Any CPU
	EndGlobalSection
	GlobalSection(ProjectConfigurationPlatforms) = postSolution
		{17076625-F697-C04A-7290-6381C43781EF}.Debug|Any CPU.ActiveCfg = Debug|Any CPU
		{17076625-F697-C04A-7290-6381C43781EF}.Debug|Any CPU.Build.0 = Debug|Any CPU
		{17076625-F697-C04A-7290-6381C43781EF}.Release|Any CPU.ActiveCfg = Release|Any CPU
		{17076625-F697-C04A-7290-6381C43781EF}.Release|Any CPU.Build.0 = Release|Any CPU
	EndGlobalSection
	GlobalSection(SolutionProperties) = preSolution
		HideSolutionNode = FALSE
	EndGlobalSection
EndGlobal
